
Microsoft Visual Studio Solution File, Format Version 12.00
# Visual Studio Version 16
VisualStudioVersion = 16.0.32002.261
MinimumVisualStudioVersion = 10.0.40219.1
Project("{FAE04EC0-301F-11D3-BF4B-00C04F79EFBC}") = "Lab1", "Lab1\Lab1.csproj", "{01BDA8D2-20EF-4E87-8197-A2D9BBA55399}"
EndProject
Project("{FAE04EC0-301F-11D3-BF4B-00C04F79EFBC}") = "Assignment", "Assignment\Assignment.csproj", "{EE3F9680-BE44-4C25-9BDB-EAEBC1D011CD}"
EndProject
Global
	GlobalSection(SolutionConfigurationPlatforms) = preSolution
		Debug|ARM = Debug|ARM
		Debug|ARM64 = Debug|ARM64
		Debug|x64 = Debug|x64
		Debug|x86 = Debug|x86
		Release|ARM = Release|ARM
		Release|ARM64 = Release|ARM64
		Release|x64 = Release|x64
		Release|x86 = Release|x86
	EndGlobalSection
	GlobalSection(ProjectConfigurationPlatforms) = postSolution
		{01BDA8D2-20EF-4E87-8197-A2D9BBA55399}.Debug|ARM.ActiveCfg = Debug|ARM
		{01BDA8D2-20EF-4E87-8197-A2D9BBA55399}.Debug|ARM.Build.0 = Debug|ARM
		{01BDA8D2-20EF-4E87-8197-A2D9BBA55399}.Debug|ARM.Deploy.0 = Debug|ARM
		{01BDA8D2-20EF-4E87-8197-A2D9BBA55399}.Debug|ARM64.ActiveCfg = Debug|ARM64
		{01BDA8D2-20EF-4E87-8197-A2D9BBA55399}.Debug|ARM64.Build.0 = Debug|ARM64
		{01BDA8D2-20EF-4E87-8197-A2D9BBA55399}.Debug|ARM64.Deploy.0 = Debug|ARM64
		{01BDA8D2-20EF-4E87-8197-A2D9BBA55399}.Debug|x64.ActiveCfg = Debug|x64
		{01BDA8D2-20EF-4E87-8197-A2D9BBA55399}.Debug|x64.Build.0 = Debug|x64
		{01BDA8D2-20EF-4E87-8197-A2D9BBA55399}.Debug|x64.Deploy.0 = Debug|x64
		{01BDA8D2-20EF-4E87-8197-A2D9BBA55399}.Debug|x86.ActiveCfg = Debug|x86
		{01BDA8D2-20EF-4E87-8197-A2D9BBA55399}.Debug|x86.Build.0 = Debug|x86
		{01BDA8D2-20EF-4E87-8197-A2D9BBA55399}.Debug|x86.Deploy.0 = Debug|x86
		{01BDA8D2-20EF-4E87-8197-A2D9BBA55399}.Release|ARM.ActiveCfg = Release|ARM
		{01BDA8D2-20EF-4E87-8197-A2D9BBA55399}.Release|ARM.Build.0 = Release|ARM
		{01BDA8D2-20EF-4E87-8197-A2D9BBA55399}.Release|ARM.Deploy.0 = Release|ARM
		{01BDA8D2-20EF-4E87-8197-A2D9BBA55399}.Release|ARM64.ActiveCfg = Release|ARM64
		{01BDA8D2-20EF-4E87-8197-A2D9BBA55399}.Release|ARM64.Build.0 = Release|ARM64
		{01BDA8D2-20EF-4E87-8197-A2D9BBA55399}.Release|ARM64.Deploy.0 = Release|ARM64
		{01BDA8D2-20EF-4E87-8197-A2D9BBA55399}.Release|x64.ActiveCfg = Release|x64
		{01BDA8D2-20EF-4E87-8197-A2D9BBA55399}.Release|x64.Build.0 = Release|x64
		{01BDA8D2-20EF-4E87-8197-A2D9BBA55399}.Release|x64.Deploy.0 = Release|x64
		{01BDA8D2-20EF-4E87-8197-A2D9BBA55399}.Release|x86.ActiveCfg = Release|x86
		{01BDA8D2-20EF-4E87-8197-A2D9BBA55399}.Release|x86.Build.0 = Release|x86
		{01BDA8D2-20EF-4E87-8197-A2D9BBA55399}.Release|x86.Deploy.0 = Release|x86
		{EE3F9680-BE44-4C25-9BDB-EAEBC1D011CD}.Debug|ARM.ActiveCfg = Debug|ARM
		{EE3F9680-BE44-4C25-9BDB-EAEBC1D011CD}.Debug|ARM.Build.0 = Debug|ARM
		{EE3F9680-BE44-4C25-9BDB-EAEBC1D011CD}.Debug|ARM.Deploy.0 = Debug|ARM
		{EE3F9680-BE44-4C25-9BDB-EAEBC1D011CD}.Debug|ARM64.ActiveCfg = Debug|ARM64
		{EE3F9680-BE44-4C25-9BDB-EAEBC1D011CD}.Debug|ARM64.Build.0 = Debug|ARM64
		{EE3F9680-BE44-4C25-9BDB-EAEBC1D011CD}.Debug|ARM64.Deploy.0 = Debug|ARM64
		{EE3F9680-BE44-4C25-9BDB-EAEBC1D011CD}.Debug|x64.ActiveCfg = Debug|x64
		{EE3F9680-BE44-4C25-9BDB-EAEBC1D011CD}.Debug|x64.Build.0 = Debug|x64
		{EE3F9680-BE44-4C25-9BDB-EAEBC1D011CD}.Debug|x64.Deploy.0 = Debug|x64
		{EE3F9680-BE44-4C25-9BDB-EAEBC1D011CD}.Debug|x86.ActiveCfg = Debug|x86
		{EE3F9680-BE44-4C25-9BDB-EAEBC1D011CD}.Debug|x86.Build.0 = Debug|x86
		{EE3F9680-BE44-4C25-9BDB-EAEBC1D011CD}.Debug|x86.Deploy.0 = Debug|x86
		{EE3F9680-BE44-4C25-9BDB-EAEBC1D011CD}.Release|ARM.ActiveCfg = Release|ARM
		{EE3F9680-BE44-4C25-9BDB-EAEBC1D011CD}.Release|ARM.Build.0 = Release|ARM
		{EE3F9680-BE44-4C25-9BDB-EAEBC1D011CD}.Release|ARM.Deploy.0 = Release|ARM
		{EE3F9680-BE44-4C25-9BDB-EAEBC1D011CD}.Release|ARM64.ActiveCfg = Release|ARM64
		{EE3F9680-BE44-4C25-9BDB-EAEBC1D011CD}.Release|ARM64.Build.0 = Release|ARM64
		{EE3F9680-BE44-4C25-9BDB-EAEBC1D011CD}.Release|ARM64.Deploy.0 = Release|ARM64
		{EE3F9680-BE44-4C25-9BDB-EAEBC1D011CD}.Release|x64.ActiveCfg = Release|x64
		{EE3F9680-BE44-4C25-9BDB-EAEBC1D011CD}.Release|x64.Build.0 = Release|x64
		{EE3F9680-BE44-4C25-9BDB-EAEBC1D011CD}.Release|x64.Deploy.0 = Release|x64
		{EE3F9680-BE44-4C25-9BDB-EAEBC1D011CD}.Release|x86.ActiveCfg = Release|x86
		{EE3F9680-BE44-4C25-9BDB-EAEBC1D011CD}.Release|x86.Build.0 = Release|x86
		{EE3F9680-BE44-4C25-9BDB-EAEBC1D011CD}.Release|x86.Deploy.0 = Release|x86
	EndGlobalSection
	GlobalSection(SolutionProperties) = preSolution
		HideSolutionNode = FALSE
	EndGlobalSection
	GlobalSection(ExtensibilityGlobals) = postSolution
		SolutionGuid = {8CFAEE54-2FFC-470B-8FF7-E2E491776BFE}
	EndGlobalSection
EndGlobal
